// !$*UTF8*$!
{
	archiveVersion = 1;
	classes = {
	};
	objectVersion = 46;
	objects = {

/* Begin PBXBuildFile section */
		D02C3A931B5FCF3B0087A496 /* ETRShareViewController.m in Sources */ = {isa = PBXBuildFile; fileRef = D02C3A921B5FCF3B0087A496 /* ETRShareViewController.m */; };
		D05649161B41E53C00BDC1E5 /* ETRMediaViewController.m in Sources */ = {isa = PBXBuildFile; fileRef = D05649151B41E53C00BDC1E5 /* ETRMediaViewController.m */; };
		D0870BEF1B4C6B8B0049BD6C /* ETRPrepareSessionViewController.m in Sources */ = {isa = PBXBuildFile; fileRef = D0870BEE1B4C6B8B0049BD6C /* ETRPrepareSessionViewController.m */; };
		D09D364D1B2F42A000930E02 /* InfoPlist.strings in Resources */ = {isa = PBXBuildFile; fileRef = D09D364F1B2F42A000930E02 /* InfoPlist.strings */; };
		D09D36521B2F42D000930E02 /* Localizable.strings in Resources */ = {isa = PBXBuildFile; fileRef = D09D36541B2F42D000930E02 /* Localizable.strings */; };
		D09D36591B2F43BC00930E02 /* Settings.bundle in Resources */ = {isa = PBXBuildFile; fileRef = D09D36581B2F43BC00930E02 /* Settings.bundle */; };
		D0A3494E1B361E3C0031FCEC /* ETRNotificationManager.m in Sources */ = {isa = PBXBuildFile; fileRef = D0A3494D1B361E3C0031FCEC /* ETRNotificationManager.m */; };
		D0BA69701B2F79FA001262FF /* MapKit.framework in Frameworks */ = {isa = PBXBuildFile; fileRef = D0BA696F1B2F79FA001262FF /* MapKit.framework */; };
		D0C12A051B54525100634A20 /* ETRLocationCell.m in Sources */ = {isa = PBXBuildFile; fileRef = D0C12A041B54525100634A20 /* ETRLocationCell.m */; };
		D0CBFDD21B334B1700E98E49 /* Launch Screen.xib in Resources */ = {isa = PBXBuildFile; fileRef = D0CBFDD11B334B1700E98E49 /* Launch Screen.xib */; };
		D0D54B3D1B2F1F9100F8875B /* main.m in Sources */ = {isa = PBXBuildFile; fileRef = D0D54B3C1B2F1F9100F8875B /* main.m */; };
		D0D54B401B2F1F9100F8875B /* ETRAppDelegate.m in Sources */ = {isa = PBXBuildFile; fileRef = D0D54B3F1B2F1F9100F8875B /* ETRAppDelegate.m */; };
		D0D54B461B2F1F9100F8875B /* Main.storyboard in Resources */ = {isa = PBXBuildFile; fileRef = D0D54B441B2F1F9100F8875B /* Main.storyboard */; };
		D0D54B491B2F1F9100F8875B /* Realay.xcdatamodeld in Sources */ = {isa = PBXBuildFile; fileRef = D0D54B471B2F1F9100F8875B /* Realay.xcdatamodeld */; };
		D0D54B4B1B2F1F9100F8875B /* Assets.xcassets in Resources */ = {isa = PBXBuildFile; fileRef = D0D54B4A1B2F1F9100F8875B /* Assets.xcassets */; };
		D0D54BA41B2F218300F8875B /* ETRImageView.m in Sources */ = {isa = PBXBuildFile; fileRef = D0D54B581B2F218300F8875B /* ETRImageView.m */; };
		D0D54BA51B2F218300F8875B /* ETRShadowView.m in Sources */ = {isa = PBXBuildFile; fileRef = D0D54B5A1B2F218300F8875B /* ETRShadowView.m */; };
		D0D54BA61B2F218300F8875B /* ETRBaseViewController.m in Sources */ = {isa = PBXBuildFile; fileRef = D0D54B5C1B2F218300F8875B /* ETRBaseViewController.m */; };
		D0D54BA71B2F218300F8875B /* ETRBlockedUsersViewController.m in Sources */ = {isa = PBXBuildFile; fileRef = D0D54B5E1B2F218300F8875B /* ETRBlockedUsersViewController.m */; };
		D0D54BA81B2F218300F8875B /* ETRConversationListViewController.m in Sources */ = {isa = PBXBuildFile; fileRef = D0D54B601B2F218300F8875B /* ETRConversationListViewController.m */; };
		D0D54BA91B2F218300F8875B /* ETRConversationViewController.m in Sources */ = {isa = PBXBuildFile; fileRef = D0D54B621B2F218300F8875B /* ETRConversationViewController.m */; };
		D0D54BAA1B2F218300F8875B /* ETRDetailsViewController.m in Sources */ = {isa = PBXBuildFile; fileRef = D0D54B641B2F218300F8875B /* ETRDetailsViewController.m */; };
		D0D54BAB1B2F218300F8875B /* ETRJoinViewController.m in Sources */ = {isa = PBXBuildFile; fileRef = D0D54B661B2F218300F8875B /* ETRJoinViewController.m */; };
		D0D54BAC1B2F218300F8875B /* ETRLoginViewController.m in Sources */ = {isa = PBXBuildFile; fileRef = D0D54B681B2F218300F8875B /* ETRLoginViewController.m */; };
		D0D54BAD1B2F218300F8875B /* ETRMapViewController.m in Sources */ = {isa = PBXBuildFile; fileRef = D0D54B6A1B2F218300F8875B /* ETRMapViewController.m */; };
		D0D54BAE1B2F218300F8875B /* ETRPasswordViewController.m in Sources */ = {isa = PBXBuildFile; fileRef = D0D54B6C1B2F218300F8875B /* ETRPasswordViewController.m */; };
		D0D54BAF1B2F218300F8875B /* ETRProfileEditorViewController.m in Sources */ = {isa = PBXBuildFile; fileRef = D0D54B6E1B2F218300F8875B /* ETRProfileEditorViewController.m */; };
		D0D54BB01B2F218300F8875B /* ETRRoomListViewController.m in Sources */ = {isa = PBXBuildFile; fileRef = D0D54B701B2F218300F8875B /* ETRRoomListViewController.m */; };
		D0D54BB11B2F218300F8875B /* ETRSessionTabBarController.m in Sources */ = {isa = PBXBuildFile; fileRef = D0D54B721B2F218300F8875B /* ETRSessionTabBarController.m */; };
		D0D54BB21B2F218300F8875B /* ETRSettingsTableViewController.m in Sources */ = {isa = PBXBuildFile; fileRef = D0D54B741B2F218300F8875B /* ETRSettingsTableViewController.m */; };
		D0D54BB31B2F218300F8875B /* ETRUIConstants.m in Sources */ = {isa = PBXBuildFile; fileRef = D0D54B761B2F218300F8875B /* ETRUIConstants.m */; };
		D0D54BB41B2F218300F8875B /* ETRUserListBaseViewController.m in Sources */ = {isa = PBXBuildFile; fileRef = D0D54B781B2F218300F8875B /* ETRUserListBaseViewController.m */; };
		D0D54BB51B2F218300F8875B /* ETRUserListViewController.m in Sources */ = {isa = PBXBuildFile; fileRef = D0D54B7A1B2F218300F8875B /* ETRUserListViewController.m */; };
		D0D54BB71B2F218300F8875B /* ETRHeaderCell.m in Sources */ = {isa = PBXBuildFile; fileRef = D0D54B7E1B2F218300F8875B /* ETRHeaderCell.m */; };
		D0D54BB91B2F218300F8875B /* ETRInformationCell.m in Sources */ = {isa = PBXBuildFile; fileRef = D0D54B821B2F218300F8875B /* ETRInformationCell.m */; };
		D0D54BBA1B2F218300F8875B /* ETRKeyValueCell.m in Sources */ = {isa = PBXBuildFile; fileRef = D0D54B841B2F218300F8875B /* ETRKeyValueCell.m */; };
		D0D54BBB1B2F218300F8875B /* ETRKeyValueEditorCell.m in Sources */ = {isa = PBXBuildFile; fileRef = D0D54B861B2F218300F8875B /* ETRKeyValueEditorCell.m */; };
		D0D54BBC1B2F218300F8875B /* ETRProfileHeaderEditorCell.m in Sources */ = {isa = PBXBuildFile; fileRef = D0D54B881B2F218300F8875B /* ETRProfileHeaderEditorCell.m */; };
		D0D54BBD1B2F218300F8875B /* ETRProfileSocialCell.m in Sources */ = {isa = PBXBuildFile; fileRef = D0D54B8A1B2F218300F8875B /* ETRProfileSocialCell.m */; };
		D0D54BBE1B2F218300F8875B /* ETRReceivedMediaCell.m in Sources */ = {isa = PBXBuildFile; fileRef = D0D54B8C1B2F218300F8875B /* ETRReceivedMediaCell.m */; };
		D0D54BBF1B2F218300F8875B /* ETRReceivedMessageCell.m in Sources */ = {isa = PBXBuildFile; fileRef = D0D54B8E1B2F218300F8875B /* ETRReceivedMessageCell.m */; };
		D0D54BC01B2F218300F8875B /* ETRRoomCell.m in Sources */ = {isa = PBXBuildFile; fileRef = D0D54B901B2F218300F8875B /* ETRRoomCell.m */; };
		D0D54BC11B2F218300F8875B /* ETRSentMediaCell.m in Sources */ = {isa = PBXBuildFile; fileRef = D0D54B921B2F218300F8875B /* ETRSentMediaCell.m */; };
		D0D54BC21B2F218300F8875B /* ETRSentMessageCell.m in Sources */ = {isa = PBXBuildFile; fileRef = D0D54B941B2F218300F8875B /* ETRSentMessageCell.m */; };
		D0D54BC31B2F218300F8875B /* ETRSettingCell.m in Sources */ = {isa = PBXBuildFile; fileRef = D0D54B961B2F218300F8875B /* ETRSettingCell.m */; };
		D0D54BC41B2F218300F8875B /* ETRUserCell.m in Sources */ = {isa = PBXBuildFile; fileRef = D0D54B981B2F218300F8875B /* ETRUserCell.m */; };
		D0D54BC51B2F218300F8875B /* ETRAlertViewFactory.m in Sources */ = {isa = PBXBuildFile; fileRef = D0D54B9B1B2F218300F8875B /* ETRAlertViewFactory.m */; };
		D0D54BC61B2F218300F8875B /* ETRAnimator.m in Sources */ = {isa = PBXBuildFile; fileRef = D0D54B9D1B2F218300F8875B /* ETRAnimator.m */; };
		D0D54BC71B2F218300F8875B /* ETRImageEditor.m in Sources */ = {isa = PBXBuildFile; fileRef = D0D54B9F1B2F218300F8875B /* ETRImageEditor.m */; };
		D0D54BC81B2F218300F8875B /* ETRImageLoader.m in Sources */ = {isa = PBXBuildFile; fileRef = D0D54BA11B2F218300F8875B /* ETRImageLoader.m */; };
		D0D54BC91B2F218300F8875B /* ETRFormatter.m in Sources */ = {isa = PBXBuildFile; fileRef = D0D54BA31B2F218300F8875B /* ETRFormatter.m */; };
		D0D54BD71B2F218F00F8875B /* ETRActionManager.m in Sources */ = {isa = PBXBuildFile; fileRef = D0D54BCC1B2F218F00F8875B /* ETRActionManager.m */; };
		D0D54BD81B2F218F00F8875B /* ETRBouncer.m in Sources */ = {isa = PBXBuildFile; fileRef = D0D54BCE1B2F218F00F8875B /* ETRBouncer.m */; };
		D0D54BD91B2F218F00F8875B /* ETRLocalUserManager.m in Sources */ = {isa = PBXBuildFile; fileRef = D0D54BD01B2F218F00F8875B /* ETRLocalUserManager.m */; };
		D0D54BDA1B2F218F00F8875B /* ETRLocationManager.m in Sources */ = {isa = PBXBuildFile; fileRef = D0D54BD21B2F218F00F8875B /* ETRLocationManager.m */; };
		D0D54BDB1B2F218F00F8875B /* ETRReachabilityManager.m in Sources */ = {isa = PBXBuildFile; fileRef = D0D54BD41B2F218F00F8875B /* ETRReachabilityManager.m */; };
		D0D54BDC1B2F218F00F8875B /* ETRSessionManager.m in Sources */ = {isa = PBXBuildFile; fileRef = D0D54BD61B2F218F00F8875B /* ETRSessionManager.m */; };
		D0D54BEA1B2F219500F8875B /* ETRAction.m in Sources */ = {isa = PBXBuildFile; fileRef = D0D54BDF1B2F219500F8875B /* ETRAction.m */; };
		D0D54BEB1B2F219500F8875B /* ETRChatObject.m in Sources */ = {isa = PBXBuildFile; fileRef = D0D54BE11B2F219500F8875B /* ETRChatObject.m */; };
		D0D54BEC1B2F219500F8875B /* ETRConversation.m in Sources */ = {isa = PBXBuildFile; fileRef = D0D54BE31B2F219500F8875B /* ETRConversation.m */; };
		D0D54BED1B2F219500F8875B /* ETRCoreDataHelper.m in Sources */ = {isa = PBXBuildFile; fileRef = D0D54BE51B2F219500F8875B /* ETRCoreDataHelper.m */; };
		D0D54BEE1B2F219500F8875B /* ETRRoom.m in Sources */ = {isa = PBXBuildFile; fileRef = D0D54BE71B2F219500F8875B /* ETRRoom.m */; };
		D0D54BEF1B2F219500F8875B /* ETRUser.m in Sources */ = {isa = PBXBuildFile; fileRef = D0D54BE91B2F219500F8875B /* ETRUser.m */; };
		D0D54BF81B2F21A400F8875B /* ETRServerAPIHelper.m in Sources */ = {isa = PBXBuildFile; fileRef = D0D54BF41B2F21A400F8875B /* ETRServerAPIHelper.m */; };
		D0D54BF91B2F21A400F8875B /* Reachability.m in Sources */ = {isa = PBXBuildFile; fileRef = D0D54BF61B2F21A400F8875B /* Reachability.m */; };
		D0D54BFF1B2F21B500F8875B /* ETRDefaultsHelper.m in Sources */ = {isa = PBXBuildFile; fileRef = D0D54BFD1B2F21B500F8875B /* ETRDefaultsHelper.m */; };
		D0D54C021B2F21C200F8875B /* lustgarten.gpx in Resources */ = {isa = PBXBuildFile; fileRef = D0D54C001B2F21C200F8875B /* lustgarten.gpx */; };
/* End PBXBuildFile section */

/* Begin PBXFileReference section */
		D02C3A911B5FCF3B0087A496 /* ETRShareViewController.h */ = {isa = PBXFileReference; fileEncoding = 4; lastKnownFileType = sourcecode.c.h; path = ETRShareViewController.h; sourceTree = "<group>"; };
		D02C3A921B5FCF3B0087A496 /* ETRShareViewController.m */ = {isa = PBXFileReference; fileEncoding = 4; lastKnownFileType = sourcecode.c.objc; path = ETRShareViewController.m; sourceTree = "<group>"; };
		D02C3A941B603F4F0087A496 /* de */ = {isa = PBXFileReference; lastKnownFileType = text.plist.strings; name = de; path = de.lproj/Localizable.strings; sourceTree = "<group>"; };
		D02C3A961B60547A0087A496 /* de */ = {isa = PBXFileReference; lastKnownFileType = text.plist.strings; name = de; path = de.lproj/Main.strings; sourceTree = "<group>"; };
		D05649141B41E53C00BDC1E5 /* ETRMediaViewController.h */ = {isa = PBXFileReference; fileEncoding = 4; lastKnownFileType = sourcecode.c.h; path = ETRMediaViewController.h; sourceTree = "<group>"; };
		D05649151B41E53C00BDC1E5 /* ETRMediaViewController.m */ = {isa = PBXFileReference; fileEncoding = 4; lastKnownFileType = sourcecode.c.objc; path = ETRMediaViewController.m; sourceTree = "<group>"; };
		D0870BED1B4C6B8B0049BD6C /* ETRPrepareSessionViewController.h */ = {isa = PBXFileReference; fileEncoding = 4; lastKnownFileType = sourcecode.c.h; path = ETRPrepareSessionViewController.h; sourceTree = "<group>"; };
		D0870BEE1B4C6B8B0049BD6C /* ETRPrepareSessionViewController.m */ = {isa = PBXFileReference; fileEncoding = 4; lastKnownFileType = sourcecode.c.objc; path = ETRPrepareSessionViewController.m; sourceTree = "<group>"; };
		D09D364E1B2F42A000930E02 /* Base */ = {isa = PBXFileReference; lastKnownFileType = text.plist.strings; name = Base; path = Base.lproj/InfoPlist.strings; sourceTree = "<group>"; };
		D09D36511B2F42BD00930E02 /* de */ = {isa = PBXFileReference; lastKnownFileType = text.plist.strings; name = de; path = de.lproj/InfoPlist.strings; sourceTree = "<group>"; };
		D09D36531B2F42D000930E02 /* Base */ = {isa = PBXFileReference; lastKnownFileType = text.plist.strings; name = Base; path = Base.lproj/Localizable.strings; sourceTree = "<group>"; };
		D09D36581B2F43BC00930E02 /* Settings.bundle */ = {isa = PBXFileReference; lastKnownFileType = "wrapper.plug-in"; path = Settings.bundle; sourceTree = "<group>"; };
		D0A3494C1B361E3C0031FCEC /* ETRNotificationManager.h */ = {isa = PBXFileReference; fileEncoding = 4; lastKnownFileType = sourcecode.c.h; path = ETRNotificationManager.h; sourceTree = "<group>"; };
		D0A3494D1B361E3C0031FCEC /* ETRNotificationManager.m */ = {isa = PBXFileReference; fileEncoding = 4; lastKnownFileType = sourcecode.c.objc; path = ETRNotificationManager.m; sourceTree = "<group>"; };
		D0BA696F1B2F79FA001262FF /* MapKit.framework */ = {isa = PBXFileReference; lastKnownFileType = wrapper.framework; name = MapKit.framework; path = System/Library/Frameworks/MapKit.framework; sourceTree = SDKROOT; };
		D0C12A031B54525100634A20 /* ETRLocationCell.h */ = {isa = PBXFileReference; fileEncoding = 4; lastKnownFileType = sourcecode.c.h; path = ETRLocationCell.h; sourceTree = "<group>"; };
		D0C12A041B54525100634A20 /* ETRLocationCell.m */ = {isa = PBXFileReference; fileEncoding = 4; lastKnownFileType = sourcecode.c.objc; path = ETRLocationCell.m; sourceTree = "<group>"; };
		D0CBFDD11B334B1700E98E49 /* Launch Screen.xib */ = {isa = PBXFileReference; fileEncoding = 4; lastKnownFileType = file.xib; path = "Launch Screen.xib"; sourceTree = "<group>"; };
		D0D54B381B2F1F9100F8875B /* Realay.app */ = {isa = PBXFileReference; explicitFileType = wrapper.application; includeInIndex = 0; path = Realay.app; sourceTree = BUILT_PRODUCTS_DIR; };
		D0D54B3C1B2F1F9100F8875B /* main.m */ = {isa = PBXFileReference; lastKnownFileType = sourcecode.c.objc; path = main.m; sourceTree = "<group>"; };
		D0D54B3E1B2F1F9100F8875B /* ETRAppDelegate.h */ = {isa = PBXFileReference; lastKnownFileType = sourcecode.c.h; path = ETRAppDelegate.h; sourceTree = "<group>"; };
		D0D54B3F1B2F1F9100F8875B /* ETRAppDelegate.m */ = {isa = PBXFileReference; lastKnownFileType = sourcecode.c.objc; path = ETRAppDelegate.m; sourceTree = "<group>"; };
		D0D54B451B2F1F9100F8875B /* Base */ = {isa = PBXFileReference; lastKnownFileType = file.storyboard; name = Base; path = Base.lproj/Main.storyboard; sourceTree = "<group>"; };
		D0D54B481B2F1F9100F8875B /* Realay.xcdatamodel */ = {isa = PBXFileReference; lastKnownFileType = wrapper.xcdatamodel; path = Realay.xcdatamodel; sourceTree = "<group>"; };
		D0D54B4A1B2F1F9100F8875B /* Assets.xcassets */ = {isa = PBXFileReference; lastKnownFileType = folder.assetcatalog; name = Assets.xcassets; path = ../Assets.xcassets; sourceTree = "<group>"; };
		D0D54B4F1B2F1F9100F8875B /* Info.plist */ = {isa = PBXFileReference; lastKnownFileType = text.plist.xml; path = Info.plist; sourceTree = "<group>"; };
		D0D54B571B2F218300F8875B /* ETRImageView.h */ = {isa = PBXFileReference; fileEncoding = 4; lastKnownFileType = sourcecode.c.h; path = ETRImageView.h; sourceTree = "<group>"; };
		D0D54B581B2F218300F8875B /* ETRImageView.m */ = {isa = PBXFileReference; fileEncoding = 4; lastKnownFileType = sourcecode.c.objc; path = ETRImageView.m; sourceTree = "<group>"; };
		D0D54B591B2F218300F8875B /* ETRShadowView.h */ = {isa = PBXFileReference; fileEncoding = 4; lastKnownFileType = sourcecode.c.h; path = ETRShadowView.h; sourceTree = "<group>"; };
		D0D54B5A1B2F218300F8875B /* ETRShadowView.m */ = {isa = PBXFileReference; fileEncoding = 4; lastKnownFileType = sourcecode.c.objc; path = ETRShadowView.m; sourceTree = "<group>"; };
		D0D54B5B1B2F218300F8875B /* ETRBaseViewController.h */ = {isa = PBXFileReference; fileEncoding = 4; lastKnownFileType = sourcecode.c.h; path = ETRBaseViewController.h; sourceTree = "<group>"; };
		D0D54B5C1B2F218300F8875B /* ETRBaseViewController.m */ = {isa = PBXFileReference; fileEncoding = 4; lastKnownFileType = sourcecode.c.objc; path = ETRBaseViewController.m; sourceTree = "<group>"; };
		D0D54B5D1B2F218300F8875B /* ETRBlockedUsersViewController.h */ = {isa = PBXFileReference; fileEncoding = 4; lastKnownFileType = sourcecode.c.h; path = ETRBlockedUsersViewController.h; sourceTree = "<group>"; };
		D0D54B5E1B2F218300F8875B /* ETRBlockedUsersViewController.m */ = {isa = PBXFileReference; fileEncoding = 4; lastKnownFileType = sourcecode.c.objc; path = ETRBlockedUsersViewController.m; sourceTree = "<group>"; };
		D0D54B5F1B2F218300F8875B /* ETRConversationListViewController.h */ = {isa = PBXFileReference; fileEncoding = 4; lastKnownFileType = sourcecode.c.h; path = ETRConversationListViewController.h; sourceTree = "<group>"; };
		D0D54B601B2F218300F8875B /* ETRConversationListViewController.m */ = {isa = PBXFileReference; fileEncoding = 4; lastKnownFileType = sourcecode.c.objc; path = ETRConversationListViewController.m; sourceTree = "<group>"; };
		D0D54B611B2F218300F8875B /* ETRConversationViewController.h */ = {isa = PBXFileReference; fileEncoding = 4; lastKnownFileType = sourcecode.c.h; path = ETRConversationViewController.h; sourceTree = "<group>"; };
		D0D54B621B2F218300F8875B /* ETRConversationViewController.m */ = {isa = PBXFileReference; fileEncoding = 4; lastKnownFileType = sourcecode.c.objc; path = ETRConversationViewController.m; sourceTree = "<group>"; };
		D0D54B631B2F218300F8875B /* ETRDetailsViewController.h */ = {isa = PBXFileReference; fileEncoding = 4; lastKnownFileType = sourcecode.c.h; path = ETRDetailsViewController.h; sourceTree = "<group>"; };
		D0D54B641B2F218300F8875B /* ETRDetailsViewController.m */ = {isa = PBXFileReference; fileEncoding = 4; lastKnownFileType = sourcecode.c.objc; path = ETRDetailsViewController.m; sourceTree = "<group>"; };
		D0D54B651B2F218300F8875B /* ETRJoinViewController.h */ = {isa = PBXFileReference; fileEncoding = 4; lastKnownFileType = sourcecode.c.h; path = ETRJoinViewController.h; sourceTree = "<group>"; };
		D0D54B661B2F218300F8875B /* ETRJoinViewController.m */ = {isa = PBXFileReference; fileEncoding = 4; lastKnownFileType = sourcecode.c.objc; path = ETRJoinViewController.m; sourceTree = "<group>"; };
		D0D54B671B2F218300F8875B /* ETRLoginViewController.h */ = {isa = PBXFileReference; fileEncoding = 4; lastKnownFileType = sourcecode.c.h; path = ETRLoginViewController.h; sourceTree = "<group>"; };
		D0D54B681B2F218300F8875B /* ETRLoginViewController.m */ = {isa = PBXFileReference; fileEncoding = 4; lastKnownFileType = sourcecode.c.objc; path = ETRLoginViewController.m; sourceTree = "<group>"; };
		D0D54B691B2F218300F8875B /* ETRMapViewController.h */ = {isa = PBXFileReference; fileEncoding = 4; lastKnownFileType = sourcecode.c.h; path = ETRMapViewController.h; sourceTree = "<group>"; };
		D0D54B6A1B2F218300F8875B /* ETRMapViewController.m */ = {isa = PBXFileReference; fileEncoding = 4; lastKnownFileType = sourcecode.c.objc; path = ETRMapViewController.m; sourceTree = "<group>"; };
		D0D54B6B1B2F218300F8875B /* ETRPasswordViewController.h */ = {isa = PBXFileReference; fileEncoding = 4; lastKnownFileType = sourcecode.c.h; path = ETRPasswordViewController.h; sourceTree = "<group>"; };
		D0D54B6C1B2F218300F8875B /* ETRPasswordViewController.m */ = {isa = PBXFileReference; fileEncoding = 4; lastKnownFileType = sourcecode.c.objc; path = ETRPasswordViewController.m; sourceTree = "<group>"; };
		D0D54B6D1B2F218300F8875B /* ETRProfileEditorViewController.h */ = {isa = PBXFileReference; fileEncoding = 4; lastKnownFileType = sourcecode.c.h; path = ETRProfileEditorViewController.h; sourceTree = "<group>"; };
		D0D54B6E1B2F218300F8875B /* ETRProfileEditorViewController.m */ = {isa = PBXFileReference; fileEncoding = 4; lastKnownFileType = sourcecode.c.objc; path = ETRProfileEditorViewController.m; sourceTree = "<group>"; };
		D0D54B6F1B2F218300F8875B /* ETRRoomListViewController.h */ = {isa = PBXFileReference; fileEncoding = 4; lastKnownFileType = sourcecode.c.h; path = ETRRoomListViewController.h; sourceTree = "<group>"; };
		D0D54B701B2F218300F8875B /* ETRRoomListViewController.m */ = {isa = PBXFileReference; fileEncoding = 4; lastKnownFileType = sourcecode.c.objc; path = ETRRoomListViewController.m; sourceTree = "<group>"; };
		D0D54B711B2F218300F8875B /* ETRSessionTabBarController.h */ = {isa = PBXFileReference; fileEncoding = 4; lastKnownFileType = sourcecode.c.h; path = ETRSessionTabBarController.h; sourceTree = "<group>"; };
		D0D54B721B2F218300F8875B /* ETRSessionTabBarController.m */ = {isa = PBXFileReference; fileEncoding = 4; lastKnownFileType = sourcecode.c.objc; path = ETRSessionTabBarController.m; sourceTree = "<group>"; };
		D0D54B731B2F218300F8875B /* ETRSettingsTableViewController.h */ = {isa = PBXFileReference; fileEncoding = 4; lastKnownFileType = sourcecode.c.h; path = ETRSettingsTableViewController.h; sourceTree = "<group>"; };
		D0D54B741B2F218300F8875B /* ETRSettingsTableViewController.m */ = {isa = PBXFileReference; fileEncoding = 4; lastKnownFileType = sourcecode.c.objc; path = ETRSettingsTableViewController.m; sourceTree = "<group>"; };
		D0D54B751B2F218300F8875B /* ETRUIConstants.h */ = {isa = PBXFileReference; fileEncoding = 4; lastKnownFileType = sourcecode.c.h; path = ETRUIConstants.h; sourceTree = "<group>"; };
		D0D54B761B2F218300F8875B /* ETRUIConstants.m */ = {isa = PBXFileReference; fileEncoding = 4; lastKnownFileType = sourcecode.c.objc; path = ETRUIConstants.m; sourceTree = "<group>"; };
		D0D54B771B2F218300F8875B /* ETRUserListBaseViewController.h */ = {isa = PBXFileReference; fileEncoding = 4; lastKnownFileType = sourcecode.c.h; path = ETRUserListBaseViewController.h; sourceTree = "<group>"; };
		D0D54B781B2F218300F8875B /* ETRUserListBaseViewController.m */ = {isa = PBXFileReference; fileEncoding = 4; lastKnownFileType = sourcecode.c.objc; path = ETRUserListBaseViewController.m; sourceTree = "<group>"; };
		D0D54B791B2F218300F8875B /* ETRUserListViewController.h */ = {isa = PBXFileReference; fileEncoding = 4; lastKnownFileType = sourcecode.c.h; path = ETRUserListViewController.h; sourceTree = "<group>"; };
		D0D54B7A1B2F218300F8875B /* ETRUserListViewController.m */ = {isa = PBXFileReference; fileEncoding = 4; lastKnownFileType = sourcecode.c.objc; path = ETRUserListViewController.m; sourceTree = "<group>"; };
		D0D54B7D1B2F218300F8875B /* ETRHeaderCell.h */ = {isa = PBXFileReference; fileEncoding = 4; lastKnownFileType = sourcecode.c.h; path = ETRHeaderCell.h; sourceTree = "<group>"; };
		D0D54B7E1B2F218300F8875B /* ETRHeaderCell.m */ = {isa = PBXFileReference; fileEncoding = 4; lastKnownFileType = sourcecode.c.objc; path = ETRHeaderCell.m; sourceTree = "<group>"; };
		D0D54B811B2F218300F8875B /* ETRInformationCell.h */ = {isa = PBXFileReference; fileEncoding = 4; lastKnownFileType = sourcecode.c.h; path = ETRInformationCell.h; sourceTree = "<group>"; };
		D0D54B821B2F218300F8875B /* ETRInformationCell.m */ = {isa = PBXFileReference; fileEncoding = 4; lastKnownFileType = sourcecode.c.objc; path = ETRInformationCell.m; sourceTree = "<group>"; };
		D0D54B831B2F218300F8875B /* ETRKeyValueCell.h */ = {isa = PBXFileReference; fileEncoding = 4; lastKnownFileType = sourcecode.c.h; path = ETRKeyValueCell.h; sourceTree = "<group>"; };
		D0D54B841B2F218300F8875B /* ETRKeyValueCell.m */ = {isa = PBXFileReference; fileEncoding = 4; lastKnownFileType = sourcecode.c.objc; path = ETRKeyValueCell.m; sourceTree = "<group>"; };
		D0D54B851B2F218300F8875B /* ETRKeyValueEditorCell.h */ = {isa = PBXFileReference; fileEncoding = 4; lastKnownFileType = sourcecode.c.h; path = ETRKeyValueEditorCell.h; sourceTree = "<group>"; };
		D0D54B861B2F218300F8875B /* ETRKeyValueEditorCell.m */ = {isa = PBXFileReference; fileEncoding = 4; lastKnownFileType = sourcecode.c.objc; path = ETRKeyValueEditorCell.m; sourceTree = "<group>"; };
		D0D54B871B2F218300F8875B /* ETRProfileHeaderEditorCell.h */ = {isa = PBXFileReference; fileEncoding = 4; lastKnownFileType = sourcecode.c.h; path = ETRProfileHeaderEditorCell.h; sourceTree = "<group>"; };
		D0D54B881B2F218300F8875B /* ETRProfileHeaderEditorCell.m */ = {isa = PBXFileReference; fileEncoding = 4; lastKnownFileType = sourcecode.c.objc; path = ETRProfileHeaderEditorCell.m; sourceTree = "<group>"; };
		D0D54B891B2F218300F8875B /* ETRProfileSocialCell.h */ = {isa = PBXFileReference; fileEncoding = 4; lastKnownFileType = sourcecode.c.h; path = ETRProfileSocialCell.h; sourceTree = "<group>"; };
		D0D54B8A1B2F218300F8875B /* ETRProfileSocialCell.m */ = {isa = PBXFileReference; fileEncoding = 4; lastKnownFileType = sourcecode.c.objc; path = ETRProfileSocialCell.m; sourceTree = "<group>"; };
		D0D54B8B1B2F218300F8875B /* ETRReceivedMediaCell.h */ = {isa = PBXFileReference; fileEncoding = 4; lastKnownFileType = sourcecode.c.h; path = ETRReceivedMediaCell.h; sourceTree = "<group>"; };
		D0D54B8C1B2F218300F8875B /* ETRReceivedMediaCell.m */ = {isa = PBXFileReference; fileEncoding = 4; lastKnownFileType = sourcecode.c.objc; path = ETRReceivedMediaCell.m; sourceTree = "<group>"; };
		D0D54B8D1B2F218300F8875B /* ETRReceivedMessageCell.h */ = {isa = PBXFileReference; fileEncoding = 4; lastKnownFileType = sourcecode.c.h; path = ETRReceivedMessageCell.h; sourceTree = "<group>"; };
		D0D54B8E1B2F218300F8875B /* ETRReceivedMessageCell.m */ = {isa = PBXFileReference; fileEncoding = 4; lastKnownFileType = sourcecode.c.objc; path = ETRReceivedMessageCell.m; sourceTree = "<group>"; };
		D0D54B8F1B2F218300F8875B /* ETRRoomCell.h */ = {isa = PBXFileReference; fileEncoding = 4; lastKnownFileType = sourcecode.c.h; path = ETRRoomCell.h; sourceTree = "<group>"; };
		D0D54B901B2F218300F8875B /* ETRRoomCell.m */ = {isa = PBXFileReference; fileEncoding = 4; lastKnownFileType = sourcecode.c.objc; path = ETRRoomCell.m; sourceTree = "<group>"; };
		D0D54B911B2F218300F8875B /* ETRSentMediaCell.h */ = {isa = PBXFileReference; fileEncoding = 4; lastKnownFileType = sourcecode.c.h; path = ETRSentMediaCell.h; sourceTree = "<group>"; };
		D0D54B921B2F218300F8875B /* ETRSentMediaCell.m */ = {isa = PBXFileReference; fileEncoding = 4; lastKnownFileType = sourcecode.c.objc; path = ETRSentMediaCell.m; sourceTree = "<group>"; };
		D0D54B931B2F218300F8875B /* ETRSentMessageCell.h */ = {isa = PBXFileReference; fileEncoding = 4; lastKnownFileType = sourcecode.c.h; path = ETRSentMessageCell.h; sourceTree = "<group>"; };
		D0D54B941B2F218300F8875B /* ETRSentMessageCell.m */ = {isa = PBXFileReference; fileEncoding = 4; lastKnownFileType = sourcecode.c.objc; path = ETRSentMessageCell.m; sourceTree = "<group>"; };
		D0D54B951B2F218300F8875B /* ETRSettingCell.h */ = {isa = PBXFileReference; fileEncoding = 4; lastKnownFileType = sourcecode.c.h; path = ETRSettingCell.h; sourceTree = "<group>"; };
		D0D54B961B2F218300F8875B /* ETRSettingCell.m */ = {isa = PBXFileReference; fileEncoding = 4; lastKnownFileType = sourcecode.c.objc; path = ETRSettingCell.m; sourceTree = "<group>"; };
		D0D54B971B2F218300F8875B /* ETRUserCell.h */ = {isa = PBXFileReference; fileEncoding = 4; lastKnownFileType = sourcecode.c.h; path = ETRUserCell.h; sourceTree = "<group>"; };
		D0D54B981B2F218300F8875B /* ETRUserCell.m */ = {isa = PBXFileReference; fileEncoding = 4; lastKnownFileType = sourcecode.c.objc; path = ETRUserCell.m; sourceTree = "<group>"; };
		D0D54B9A1B2F218300F8875B /* ETRAlertViewFactory.h */ = {isa = PBXFileReference; fileEncoding = 4; lastKnownFileType = sourcecode.c.h; path = ETRAlertViewFactory.h; sourceTree = "<group>"; };
		D0D54B9B1B2F218300F8875B /* ETRAlertViewFactory.m */ = {isa = PBXFileReference; fileEncoding = 4; lastKnownFileType = sourcecode.c.objc; path = ETRAlertViewFactory.m; sourceTree = "<group>"; };
		D0D54B9C1B2F218300F8875B /* ETRAnimator.h */ = {isa = PBXFileReference; fileEncoding = 4; lastKnownFileType = sourcecode.c.h; path = ETRAnimator.h; sourceTree = "<group>"; };
		D0D54B9D1B2F218300F8875B /* ETRAnimator.m */ = {isa = PBXFileReference; fileEncoding = 4; lastKnownFileType = sourcecode.c.objc; path = ETRAnimator.m; sourceTree = "<group>"; };
		D0D54B9E1B2F218300F8875B /* ETRImageEditor.h */ = {isa = PBXFileReference; fileEncoding = 4; lastKnownFileType = sourcecode.c.h; path = ETRImageEditor.h; sourceTree = "<group>"; };
		D0D54B9F1B2F218300F8875B /* ETRImageEditor.m */ = {isa = PBXFileReference; fileEncoding = 4; lastKnownFileType = sourcecode.c.objc; path = ETRImageEditor.m; sourceTree = "<group>"; };
		D0D54BA01B2F218300F8875B /* ETRImageLoader.h */ = {isa = PBXFileReference; fileEncoding = 4; lastKnownFileType = sourcecode.c.h; path = ETRImageLoader.h; sourceTree = "<group>"; };
		D0D54BA11B2F218300F8875B /* ETRImageLoader.m */ = {isa = PBXFileReference; fileEncoding = 4; lastKnownFileType = sourcecode.c.objc; path = ETRImageLoader.m; sourceTree = "<group>"; };
		D0D54BA21B2F218300F8875B /* ETRFormatter.h */ = {isa = PBXFileReference; fileEncoding = 4; lastKnownFileType = sourcecode.c.h; path = ETRFormatter.h; sourceTree = "<group>"; };
		D0D54BA31B2F218300F8875B /* ETRFormatter.m */ = {isa = PBXFileReference; fileEncoding = 4; lastKnownFileType = sourcecode.c.objc; path = ETRFormatter.m; sourceTree = "<group>"; };
		D0D54BCB1B2F218F00F8875B /* ETRActionManager.h */ = {isa = PBXFileReference; fileEncoding = 4; lastKnownFileType = sourcecode.c.h; path = ETRActionManager.h; sourceTree = "<group>"; };
		D0D54BCC1B2F218F00F8875B /* ETRActionManager.m */ = {isa = PBXFileReference; fileEncoding = 4; lastKnownFileType = sourcecode.c.objc; path = ETRActionManager.m; sourceTree = "<group>"; };
		D0D54BCD1B2F218F00F8875B /* ETRBouncer.h */ = {isa = PBXFileReference; fileEncoding = 4; lastKnownFileType = sourcecode.c.h; path = ETRBouncer.h; sourceTree = "<group>"; };
		D0D54BCE1B2F218F00F8875B /* ETRBouncer.m */ = {isa = PBXFileReference; fileEncoding = 4; lastKnownFileType = sourcecode.c.objc; path = ETRBouncer.m; sourceTree = "<group>"; };
		D0D54BCF1B2F218F00F8875B /* ETRLocalUserManager.h */ = {isa = PBXFileReference; fileEncoding = 4; lastKnownFileType = sourcecode.c.h; path = ETRLocalUserManager.h; sourceTree = "<group>"; };
		D0D54BD01B2F218F00F8875B /* ETRLocalUserManager.m */ = {isa = PBXFileReference; fileEncoding = 4; lastKnownFileType = sourcecode.c.objc; path = ETRLocalUserManager.m; sourceTree = "<group>"; };
		D0D54BD11B2F218F00F8875B /* ETRLocationManager.h */ = {isa = PBXFileReference; fileEncoding = 4; lastKnownFileType = sourcecode.c.h; path = ETRLocationManager.h; sourceTree = "<group>"; };
		D0D54BD21B2F218F00F8875B /* ETRLocationManager.m */ = {isa = PBXFileReference; fileEncoding = 4; lastKnownFileType = sourcecode.c.objc; path = ETRLocationManager.m; sourceTree = "<group>"; };
		D0D54BD31B2F218F00F8875B /* ETRReachabilityManager.h */ = {isa = PBXFileReference; fileEncoding = 4; lastKnownFileType = sourcecode.c.h; path = ETRReachabilityManager.h; sourceTree = "<group>"; };
		D0D54BD41B2F218F00F8875B /* ETRReachabilityManager.m */ = {isa = PBXFileReference; fileEncoding = 4; lastKnownFileType = sourcecode.c.objc; path = ETRReachabilityManager.m; sourceTree = "<group>"; };
		D0D54BD51B2F218F00F8875B /* ETRSessionManager.h */ = {isa = PBXFileReference; fileEncoding = 4; lastKnownFileType = sourcecode.c.h; path = ETRSessionManager.h; sourceTree = "<group>"; };
		D0D54BD61B2F218F00F8875B /* ETRSessionManager.m */ = {isa = PBXFileReference; fileEncoding = 4; lastKnownFileType = sourcecode.c.objc; path = ETRSessionManager.m; sourceTree = "<group>"; };
		D0D54BDE1B2F219500F8875B /* ETRAction.h */ = {isa = PBXFileReference; fileEncoding = 4; lastKnownFileType = sourcecode.c.h; path = ETRAction.h; sourceTree = "<group>"; };
		D0D54BDF1B2F219500F8875B /* ETRAction.m */ = {isa = PBXFileReference; fileEncoding = 4; lastKnownFileType = sourcecode.c.objc; path = ETRAction.m; sourceTree = "<group>"; };
		D0D54BE01B2F219500F8875B /* ETRChatObject.h */ = {isa = PBXFileReference; fileEncoding = 4; lastKnownFileType = sourcecode.c.h; path = ETRChatObject.h; sourceTree = "<group>"; };
		D0D54BE11B2F219500F8875B /* ETRChatObject.m */ = {isa = PBXFileReference; fileEncoding = 4; lastKnownFileType = sourcecode.c.objc; path = ETRChatObject.m; sourceTree = "<group>"; };
		D0D54BE21B2F219500F8875B /* ETRConversation.h */ = {isa = PBXFileReference; fileEncoding = 4; lastKnownFileType = sourcecode.c.h; path = ETRConversation.h; sourceTree = "<group>"; };
		D0D54BE31B2F219500F8875B /* ETRConversation.m */ = {isa = PBXFileReference; fileEncoding = 4; lastKnownFileType = sourcecode.c.objc; path = ETRConversation.m; sourceTree = "<group>"; };
		D0D54BE41B2F219500F8875B /* ETRCoreDataHelper.h */ = {isa = PBXFileReference; fileEncoding = 4; lastKnownFileType = sourcecode.c.h; path = ETRCoreDataHelper.h; sourceTree = "<group>"; };
		D0D54BE51B2F219500F8875B /* ETRCoreDataHelper.m */ = {isa = PBXFileReference; fileEncoding = 4; lastKnownFileType = sourcecode.c.objc; path = ETRCoreDataHelper.m; sourceTree = "<group>"; };
		D0D54BE61B2F219500F8875B /* ETRRoom.h */ = {isa = PBXFileReference; fileEncoding = 4; lastKnownFileType = sourcecode.c.h; path = ETRRoom.h; sourceTree = "<group>"; };
		D0D54BE71B2F219500F8875B /* ETRRoom.m */ = {isa = PBXFileReference; fileEncoding = 4; lastKnownFileType = sourcecode.c.objc; path = ETRRoom.m; sourceTree = "<group>"; };
		D0D54BE81B2F219500F8875B /* ETRUser.h */ = {isa = PBXFileReference; fileEncoding = 4; lastKnownFileType = sourcecode.c.h; path = ETRUser.h; sourceTree = "<group>"; };
		D0D54BE91B2F219500F8875B /* ETRUser.m */ = {isa = PBXFileReference; fileEncoding = 4; lastKnownFileType = sourcecode.c.objc; path = ETRUser.m; sourceTree = "<group>"; };
		D0D54BF31B2F21A400F8875B /* ETRServerAPIHelper.h */ = {isa = PBXFileReference; fileEncoding = 4; lastKnownFileType = sourcecode.c.h; path = ETRServerAPIHelper.h; sourceTree = "<group>"; };
		D0D54BF41B2F21A400F8875B /* ETRServerAPIHelper.m */ = {isa = PBXFileReference; fileEncoding = 4; lastKnownFileType = sourcecode.c.objc; path = ETRServerAPIHelper.m; sourceTree = "<group>"; };
		D0D54BF51B2F21A400F8875B /* Reachability.h */ = {isa = PBXFileReference; fileEncoding = 4; lastKnownFileType = sourcecode.c.h; path = Reachability.h; sourceTree = "<group>"; };
		D0D54BF61B2F21A400F8875B /* Reachability.m */ = {isa = PBXFileReference; fileEncoding = 4; lastKnownFileType = sourcecode.c.objc; path = Reachability.m; sourceTree = "<group>"; };
		D0D54BFC1B2F21B500F8875B /* ETRDefaultsHelper.h */ = {isa = PBXFileReference; fileEncoding = 4; lastKnownFileType = sourcecode.c.h; path = ETRDefaultsHelper.h; sourceTree = "<group>"; };
		D0D54BFD1B2F21B500F8875B /* ETRDefaultsHelper.m */ = {isa = PBXFileReference; fileEncoding = 4; lastKnownFileType = sourcecode.c.objc; path = ETRDefaultsHelper.m; sourceTree = "<group>"; };
		D0D54C001B2F21C200F8875B /* lustgarten.gpx */ = {isa = PBXFileReference; fileEncoding = 4; lastKnownFileType = text.xml; path = lustgarten.gpx; sourceTree = "<group>"; };
/* End PBXFileReference section */

/* Begin PBXFrameworksBuildPhase section */
		D0D54B351B2F1F9100F8875B /* Frameworks */ = {
			isa = PBXFrameworksBuildPhase;
			buildActionMask = 2147483647;
			files = (
				D0BA69701B2F79FA001262FF /* MapKit.framework in Frameworks */,
			);
			runOnlyForDeploymentPostprocessing = 0;
		};
/* End PBXFrameworksBuildPhase section */

/* Begin PBXGroup section */
		C821A2B652D2881DA26A831A /* Frameworks */ = {
			isa = PBXGroup;
			children = (
				D0BA696F1B2F79FA001262FF /* MapKit.framework */,
			);
			name = Frameworks;
			sourceTree = "<group>";
		};
		D0D54B2F1B2F1F9100F8875B = {
			isa = PBXGroup;
			children = (
				D0D54B3A1B2F1F9100F8875B /* Realay */,
				D0D54B391B2F1F9100F8875B /* Products */,
				C821A2B652D2881DA26A831A /* Frameworks */,
			);
			sourceTree = "<group>";
		};
		D0D54B391B2F1F9100F8875B /* Products */ = {
			isa = PBXGroup;
			children = (
				D0D54B381B2F1F9100F8875B /* Realay.app */,
			);
			name = Products;
			sourceTree = "<group>";
		};
		D0D54B3A1B2F1F9100F8875B /* Realay */ = {
			isa = PBXGroup;
			children = (
				D0D54B4F1B2F1F9100F8875B /* Info.plist */,
				D09D364F1B2F42A000930E02 /* InfoPlist.strings */,
				D0D54B3E1B2F1F9100F8875B /* ETRAppDelegate.h */,
				D0D54B3F1B2F1F9100F8875B /* ETRAppDelegate.m */,
				D0D54BFC1B2F21B500F8875B /* ETRDefaultsHelper.h */,
				D0D54BFD1B2F21B500F8875B /* ETRDefaultsHelper.m */,
				D09D36581B2F43BC00930E02 /* Settings.bundle */,
				D0D54BF01B2F21A400F8875B /* Connection */,
				D0D54BDD1B2F219500F8875B /* DataModel */,
				D0D54BCA1B2F218F00F8875B /* Manager */,
				D0D54B551B2F218300F8875B /* UI */,
				D0D54C001B2F21C200F8875B /* lustgarten.gpx */,
				D0D54B3B1B2F1F9100F8875B /* Supporting Files */,
			);
			path = Realay;
			sourceTree = "<group>";
		};
		D0D54B3B1B2F1F9100F8875B /* Supporting Files */ = {
			isa = PBXGroup;
			children = (
				D0D54B3C1B2F1F9100F8875B /* main.m */,
			);
			name = "Supporting Files";
			sourceTree = "<group>";
		};
		D0D54B551B2F218300F8875B /* UI */ = {
			isa = PBXGroup;
			children = (
				D0D54B4A1B2F1F9100F8875B /* Assets.xcassets */,
				D0D54B441B2F1F9100F8875B /* Main.storyboard */,
				D09D36541B2F42D000930E02 /* Localizable.strings */,
				D0D54B561B2F218300F8875B /* Elements */,
				D0D54B7C1B2F218300F8875B /* TableCells */,
				D0D54B991B2F218300F8875B /* Utils */,
				D0D54B5B1B2F218300F8875B /* ETRBaseViewController.h */,
				D0D54B5C1B2F218300F8875B /* ETRBaseViewController.m */,
				D0D54B5D1B2F218300F8875B /* ETRBlockedUsersViewController.h */,
				D0D54B5E1B2F218300F8875B /* ETRBlockedUsersViewController.m */,
				D0D54B5F1B2F218300F8875B /* ETRConversationListViewController.h */,
				D0D54B601B2F218300F8875B /* ETRConversationListViewController.m */,
				D0D54B611B2F218300F8875B /* ETRConversationViewController.h */,
				D0D54B621B2F218300F8875B /* ETRConversationViewController.m */,
				D0D54B631B2F218300F8875B /* ETRDetailsViewController.h */,
				D0D54B641B2F218300F8875B /* ETRDetailsViewController.m */,
				D0D54B651B2F218300F8875B /* ETRJoinViewController.h */,
				D0D54B661B2F218300F8875B /* ETRJoinViewController.m */,
				D0D54B671B2F218300F8875B /* ETRLoginViewController.h */,
				D0D54B681B2F218300F8875B /* ETRLoginViewController.m */,
				D0D54B691B2F218300F8875B /* ETRMapViewController.h */,
				D0D54B6A1B2F218300F8875B /* ETRMapViewController.m */,
				D05649141B41E53C00BDC1E5 /* ETRMediaViewController.h */,
				D05649151B41E53C00BDC1E5 /* ETRMediaViewController.m */,
				D0D54B6B1B2F218300F8875B /* ETRPasswordViewController.h */,
				D0D54B6C1B2F218300F8875B /* ETRPasswordViewController.m */,
				D0870BED1B4C6B8B0049BD6C /* ETRPrepareSessionViewController.h */,
				D0870BEE1B4C6B8B0049BD6C /* ETRPrepareSessionViewController.m */,
				D0D54B6D1B2F218300F8875B /* ETRProfileEditorViewController.h */,
				D0D54B6E1B2F218300F8875B /* ETRProfileEditorViewController.m */,
				D0D54B6F1B2F218300F8875B /* ETRRoomListViewController.h */,
				D0D54B701B2F218300F8875B /* ETRRoomListViewController.m */,
				D0D54B711B2F218300F8875B /* ETRSessionTabBarController.h */,
				D0D54B721B2F218300F8875B /* ETRSessionTabBarController.m */,
				D0D54B731B2F218300F8875B /* ETRSettingsTableViewController.h */,
				D0D54B741B2F218300F8875B /* ETRSettingsTableViewController.m */,
				D02C3A911B5FCF3B0087A496 /* ETRShareViewController.h */,
				D02C3A921B5FCF3B0087A496 /* ETRShareViewController.m */,
				D0D54B751B2F218300F8875B /* ETRUIConstants.h */,
				D0D54B761B2F218300F8875B /* ETRUIConstants.m */,
				D0D54B771B2F218300F8875B /* ETRUserListBaseViewController.h */,
				D0D54B781B2F218300F8875B /* ETRUserListBaseViewController.m */,
				D0D54B791B2F218300F8875B /* ETRUserListViewController.h */,
				D0D54B7A1B2F218300F8875B /* ETRUserListViewController.m */,
				D0CBFDD11B334B1700E98E49 /* Launch Screen.xib */,
			);
			path = UI;
			sourceTree = "<group>";
		};
		D0D54B561B2F218300F8875B /* Elements */ = {
			isa = PBXGroup;
			children = (
				D0D54B571B2F218300F8875B /* ETRImageView.h */,
				D0D54B581B2F218300F8875B /* ETRImageView.m */,
				D0D54B591B2F218300F8875B /* ETRShadowView.h */,
				D0D54B5A1B2F218300F8875B /* ETRShadowView.m */,
			);
			path = Elements;
			sourceTree = "<group>";
		};
		D0D54B7C1B2F218300F8875B /* TableCells */ = {
			isa = PBXGroup;
			children = (
				D0D54B7D1B2F218300F8875B /* ETRHeaderCell.h */,
				D0D54B7E1B2F218300F8875B /* ETRHeaderCell.m */,
				D0D54B811B2F218300F8875B /* ETRInformationCell.h */,
				D0D54B821B2F218300F8875B /* ETRInformationCell.m */,
				D0C12A031B54525100634A20 /* ETRLocationCell.h */,
				D0C12A041B54525100634A20 /* ETRLocationCell.m */,
				D0D54B831B2F218300F8875B /* ETRKeyValueCell.h */,
				D0D54B841B2F218300F8875B /* ETRKeyValueCell.m */,
				D0D54B851B2F218300F8875B /* ETRKeyValueEditorCell.h */,
				D0D54B861B2F218300F8875B /* ETRKeyValueEditorCell.m */,
				D0D54B871B2F218300F8875B /* ETRProfileHeaderEditorCell.h */,
				D0D54B881B2F218300F8875B /* ETRProfileHeaderEditorCell.m */,
				D0D54B891B2F218300F8875B /* ETRProfileSocialCell.h */,
				D0D54B8A1B2F218300F8875B /* ETRProfileSocialCell.m */,
				D0D54B8B1B2F218300F8875B /* ETRReceivedMediaCell.h */,
				D0D54B8C1B2F218300F8875B /* ETRReceivedMediaCell.m */,
				D0D54B8D1B2F218300F8875B /* ETRReceivedMessageCell.h */,
				D0D54B8E1B2F218300F8875B /* ETRReceivedMessageCell.m */,
				D0D54B8F1B2F218300F8875B /* ETRRoomCell.h */,
				D0D54B901B2F218300F8875B /* ETRRoomCell.m */,
				D0D54B911B2F218300F8875B /* ETRSentMediaCell.h */,
				D0D54B921B2F218300F8875B /* ETRSentMediaCell.m */,
				D0D54B931B2F218300F8875B /* ETRSentMessageCell.h */,
				D0D54B941B2F218300F8875B /* ETRSentMessageCell.m */,
				D0D54B951B2F218300F8875B /* ETRSettingCell.h */,
				D0D54B961B2F218300F8875B /* ETRSettingCell.m */,
				D0D54B971B2F218300F8875B /* ETRUserCell.h */,
				D0D54B981B2F218300F8875B /* ETRUserCell.m */,
			);
			path = TableCells;
			sourceTree = "<group>";
		};
		D0D54B991B2F218300F8875B /* Utils */ = {
			isa = PBXGroup;
			children = (
				D0D54B9A1B2F218300F8875B /* ETRAlertViewFactory.h */,
				D0D54B9B1B2F218300F8875B /* ETRAlertViewFactory.m */,
				D0D54B9C1B2F218300F8875B /* ETRAnimator.h */,
				D0D54B9D1B2F218300F8875B /* ETRAnimator.m */,
				D0D54B9E1B2F218300F8875B /* ETRImageEditor.h */,
				D0D54B9F1B2F218300F8875B /* ETRImageEditor.m */,
				D0D54BA01B2F218300F8875B /* ETRImageLoader.h */,
				D0D54BA11B2F218300F8875B /* ETRImageLoader.m */,
				D0D54BA21B2F218300F8875B /* ETRFormatter.h */,
				D0D54BA31B2F218300F8875B /* ETRFormatter.m */,
			);
			path = Utils;
			sourceTree = "<group>";
		};
		D0D54BCA1B2F218F00F8875B /* Manager */ = {
			isa = PBXGroup;
			children = (
				D0D54BCB1B2F218F00F8875B /* ETRActionManager.h */,
				D0D54BCC1B2F218F00F8875B /* ETRActionManager.m */,
				D0D54BCD1B2F218F00F8875B /* ETRBouncer.h */,
				D0D54BCE1B2F218F00F8875B /* ETRBouncer.m */,
				D0D54BCF1B2F218F00F8875B /* ETRLocalUserManager.h */,
				D0D54BD01B2F218F00F8875B /* ETRLocalUserManager.m */,
				D0D54BD11B2F218F00F8875B /* ETRLocationManager.h */,
				D0D54BD21B2F218F00F8875B /* ETRLocationManager.m */,
				D0A3494C1B361E3C0031FCEC /* ETRNotificationManager.h */,
				D0A3494D1B361E3C0031FCEC /* ETRNotificationManager.m */,
				D0D54BD31B2F218F00F8875B /* ETRReachabilityManager.h */,
				D0D54BD41B2F218F00F8875B /* ETRReachabilityManager.m */,
				D0D54BD51B2F218F00F8875B /* ETRSessionManager.h */,
				D0D54BD61B2F218F00F8875B /* ETRSessionManager.m */,
			);
			path = Manager;
			sourceTree = "<group>";
		};
		D0D54BDD1B2F219500F8875B /* DataModel */ = {
			isa = PBXGroup;
			children = (
				D0D54BDE1B2F219500F8875B /* ETRAction.h */,
				D0D54BDF1B2F219500F8875B /* ETRAction.m */,
				D0D54BE01B2F219500F8875B /* ETRChatObject.h */,
				D0D54BE11B2F219500F8875B /* ETRChatObject.m */,
				D0D54BE21B2F219500F8875B /* ETRConversation.h */,
				D0D54BE31B2F219500F8875B /* ETRConversation.m */,
				D0D54BE41B2F219500F8875B /* ETRCoreDataHelper.h */,
				D0D54BE51B2F219500F8875B /* ETRCoreDataHelper.m */,
				D0D54BE61B2F219500F8875B /* ETRRoom.h */,
				D0D54BE71B2F219500F8875B /* ETRRoom.m */,
				D0D54BE81B2F219500F8875B /* ETRUser.h */,
				D0D54BE91B2F219500F8875B /* ETRUser.m */,
				D0D54B471B2F1F9100F8875B /* Realay.xcdatamodeld */,
			);
			path = DataModel;
			sourceTree = "<group>";
		};
		D0D54BF01B2F21A400F8875B /* Connection */ = {
			isa = PBXGroup;
			children = (
				D0D54BF31B2F21A400F8875B /* ETRServerAPIHelper.h */,
				D0D54BF41B2F21A400F8875B /* ETRServerAPIHelper.m */,
				D0D54BF51B2F21A400F8875B /* Reachability.h */,
				D0D54BF61B2F21A400F8875B /* Reachability.m */,
			);
			path = Connection;
			sourceTree = "<group>";
		};
/* End PBXGroup section */

/* Begin PBXNativeTarget section */
		D0D54B371B2F1F9100F8875B /* Realay */ = {
			isa = PBXNativeTarget;
			buildConfigurationList = D0D54B521B2F1F9100F8875B /* Build configuration list for PBXNativeTarget "Realay" */;
			buildPhases = (
				D0D54B341B2F1F9100F8875B /* Sources */,
				D0D54B351B2F1F9100F8875B /* Frameworks */,
				D0D54B361B2F1F9100F8875B /* Resources */,
			);
			buildRules = (
			);
			dependencies = (
			);
			name = Realay;
			productName = Realay;
			productReference = D0D54B381B2F1F9100F8875B /* Realay.app */;
			productType = "com.apple.product-type.application";
		};
/* End PBXNativeTarget section */

/* Begin PBXProject section */
		D0D54B301B2F1F9100F8875B /* Project object */ = {
			isa = PBXProject;
			attributes = {
				LastUpgradeCheck = 0700;
				ORGANIZATIONNAME = "Easy Target";
				TargetAttributes = {
					D0D54B371B2F1F9100F8875B = {
						CreatedOnToolsVersion = 7.0;
						DevelopmentTeam = 4942X8FYB7;
						SystemCapabilities = {
							com.apple.BackgroundModes = {
								enabled = 1;
							};
							com.apple.Maps.iOS = {
								enabled = 1;
							};
						};
					};
				};
			};
			buildConfigurationList = D0D54B331B2F1F9100F8875B /* Build configuration list for PBXProject "Realay" */;
			compatibilityVersion = "Xcode 3.2";
			developmentRegion = English;
			hasScannedForEncodings = 0;
			knownRegions = (
				en,
				Base,
				de,
			);
			mainGroup = D0D54B2F1B2F1F9100F8875B;
			productRefGroup = D0D54B391B2F1F9100F8875B /* Products */;
			projectDirPath = "";
			projectRoot = "";
			targets = (
				D0D54B371B2F1F9100F8875B /* Realay */,
			);
		};
/* End PBXProject section */

/* Begin PBXResourcesBuildPhase section */
		D0D54B361B2F1F9100F8875B /* Resources */ = {
			isa = PBXResourcesBuildPhase;
			buildActionMask = 2147483647;
			files = (
				D0D54C021B2F21C200F8875B /* lustgarten.gpx in Resources */,
				D09D364D1B2F42A000930E02 /* InfoPlist.strings in Resources */,
				D09D36521B2F42D000930E02 /* Localizable.strings in Resources */,
				D0D54B4B1B2F1F9100F8875B /* Assets.xcassets in Resources */,
				D0D54B461B2F1F9100F8875B /* Main.storyboard in Resources */,
				D0CBFDD21B334B1700E98E49 /* Launch Screen.xib in Resources */,
				D09D36591B2F43BC00930E02 /* Settings.bundle in Resources */,
			);
			runOnlyForDeploymentPostprocessing = 0;
		};
/* End PBXResourcesBuildPhase section */

/* Begin PBXSourcesBuildPhase section */
		D0D54B341B2F1F9100F8875B /* Sources */ = {
			isa = PBXSourcesBuildPhase;
			buildActionMask = 2147483647;
			files = (
				D0C12A051B54525100634A20 /* ETRLocationCell.m in Sources */,
				D0D54BBE1B2F218300F8875B /* ETRReceivedMediaCell.m in Sources */,
				D0D54BB31B2F218300F8875B /* ETRUIConstants.m in Sources */,
				D0D54BED1B2F219500F8875B /* ETRCoreDataHelper.m in Sources */,
				D0D54BC21B2F218300F8875B /* ETRSentMessageCell.m in Sources */,
				D0D54BD81B2F218F00F8875B /* ETRBouncer.m in Sources */,
				D0D54BA81B2F218300F8875B /* ETRConversationListViewController.m in Sources */,
				D0D54BD71B2F218F00F8875B /* ETRActionManager.m in Sources */,
				D0A3494E1B361E3C0031FCEC /* ETRNotificationManager.m in Sources */,
				D0D54B491B2F1F9100F8875B /* Realay.xcdatamodeld in Sources */,
				D0D54BF91B2F21A400F8875B /* Reachability.m in Sources */,
				D0D54BA71B2F218300F8875B /* ETRBlockedUsersViewController.m in Sources */,
				D0D54BAB1B2F218300F8875B /* ETRJoinViewController.m in Sources */,
				D0D54BA61B2F218300F8875B /* ETRBaseViewController.m in Sources */,
				D0D54BBC1B2F218300F8875B /* ETRProfileHeaderEditorCell.m in Sources */,
				D0D54BC91B2F218300F8875B /* ETRFormatter.m in Sources */,
				D0D54BC41B2F218300F8875B /* ETRUserCell.m in Sources */,
				D0D54BB71B2F218300F8875B /* ETRHeaderCell.m in Sources */,
				D0D54BC51B2F218300F8875B /* ETRAlertViewFactory.m in Sources */,
				D0D54BB21B2F218300F8875B /* ETRSettingsTableViewController.m in Sources */,
				D0D54BB91B2F218300F8875B /* ETRInformationCell.m in Sources */,
				D0D54BDC1B2F218F00F8875B /* ETRSessionManager.m in Sources */,
				D0D54BEF1B2F219500F8875B /* ETRUser.m in Sources */,
				D0D54BDB1B2F218F00F8875B /* ETRReachabilityManager.m in Sources */,
				D0870BEF1B4C6B8B0049BD6C /* ETRPrepareSessionViewController.m in Sources */,
				D0D54BA51B2F218300F8875B /* ETRShadowView.m in Sources */,
				D0D54BC81B2F218300F8875B /* ETRImageLoader.m in Sources */,
				D0D54BD91B2F218F00F8875B /* ETRLocalUserManager.m in Sources */,
				D0D54BDA1B2F218F00F8875B /* ETRLocationManager.m in Sources */,
				D0D54BC61B2F218300F8875B /* ETRAnimator.m in Sources */,
				D0D54BAE1B2F218300F8875B /* ETRPasswordViewController.m in Sources */,
				D0D54BAD1B2F218300F8875B /* ETRMapViewController.m in Sources */,
				D0D54B401B2F1F9100F8875B /* ETRAppDelegate.m in Sources */,
				D0D54BC01B2F218300F8875B /* ETRRoomCell.m in Sources */,
				D0D54BC31B2F218300F8875B /* ETRSettingCell.m in Sources */,
				D0D54BAF1B2F218300F8875B /* ETRProfileEditorViewController.m in Sources */,
				D02C3A931B5FCF3B0087A496 /* ETRShareViewController.m in Sources */,
				D05649161B41E53C00BDC1E5 /* ETRMediaViewController.m in Sources */,
				D0D54BA91B2F218300F8875B /* ETRConversationViewController.m in Sources */,
				D0D54BEC1B2F219500F8875B /* ETRConversation.m in Sources */,
				D0D54BBF1B2F218300F8875B /* ETRReceivedMessageCell.m in Sources */,
				D0D54BB11B2F218300F8875B /* ETRSessionTabBarController.m in Sources */,
				D0D54BC71B2F218300F8875B /* ETRImageEditor.m in Sources */,
				D0D54BA41B2F218300F8875B /* ETRImageView.m in Sources */,
				D0D54BBD1B2F218300F8875B /* ETRProfileSocialCell.m in Sources */,
				D0D54BB01B2F218300F8875B /* ETRRoomListViewController.m in Sources */,
				D0D54BC11B2F218300F8875B /* ETRSentMediaCell.m in Sources */,
				D0D54BF81B2F21A400F8875B /* ETRServerAPIHelper.m in Sources */,
				D0D54BBA1B2F218300F8875B /* ETRKeyValueCell.m in Sources */,
				D0D54BBB1B2F218300F8875B /* ETRKeyValueEditorCell.m in Sources */,
				D0D54BB51B2F218300F8875B /* ETRUserListViewController.m in Sources */,
				D0D54B3D1B2F1F9100F8875B /* main.m in Sources */,
				D0D54BEB1B2F219500F8875B /* ETRChatObject.m in Sources */,
				D0D54BAC1B2F218300F8875B /* ETRLoginViewController.m in Sources */,
				D0D54BB41B2F218300F8875B /* ETRUserListBaseViewController.m in Sources */,
				D0D54BEE1B2F219500F8875B /* ETRRoom.m in Sources */,
				D0D54BAA1B2F218300F8875B /* ETRDetailsViewController.m in Sources */,
				D0D54BEA1B2F219500F8875B /* ETRAction.m in Sources */,
				D0D54BFF1B2F21B500F8875B /* ETRDefaultsHelper.m in Sources */,
			);
			runOnlyForDeploymentPostprocessing = 0;
		};
/* End PBXSourcesBuildPhase section */

/* Begin PBXVariantGroup section */
		D09D364F1B2F42A000930E02 /* InfoPlist.strings */ = {
			isa = PBXVariantGroup;
			children = (
				D09D364E1B2F42A000930E02 /* Base */,
				D09D36511B2F42BD00930E02 /* de */,
			);
			name = InfoPlist.strings;
			sourceTree = "<group>";
		};
		D09D36541B2F42D000930E02 /* Localizable.strings */ = {
			isa = PBXVariantGroup;
			children = (
				D09D36531B2F42D000930E02 /* Base */,
				D02C3A941B603F4F0087A496 /* de */,
			);
			name = Localizable.strings;
			sourceTree = "<group>";
		};
		D0D54B441B2F1F9100F8875B /* Main.storyboard */ = {
			isa = PBXVariantGroup;
			children = (
				D0D54B451B2F1F9100F8875B /* Base */,
				D02C3A961B60547A0087A496 /* de */,
			);
			name = Main.storyboard;
			path = ..;
			sourceTree = "<group>";
		};
/* End PBXVariantGroup section */

/* Begin XCBuildConfiguration section */
		D0D54B501B2F1F9100F8875B /* Debug */ = {
			isa = XCBuildConfiguration;
			buildSettings = {
				ALWAYS_SEARCH_USER_PATHS = NO;
				CLANG_CXX_LANGUAGE_STANDARD = "gnu++0x";
				CLANG_CXX_LIBRARY = "libc++";
				CLANG_ENABLE_MODULES = YES;
				CLANG_ENABLE_OBJC_ARC = YES;
				CLANG_WARN_BOOL_CONVERSION = YES;
				CLANG_WARN_CONSTANT_CONVERSION = YES;
				CLANG_WARN_DIRECT_OBJC_ISA_USAGE = YES_ERROR;
				CLANG_WARN_EMPTY_BODY = YES;
				CLANG_WARN_ENUM_CONVERSION = YES;
				CLANG_WARN_INT_CONVERSION = YES;
				CLANG_WARN_OBJC_ROOT_CLASS = YES_ERROR;
				CLANG_WARN_UNREACHABLE_CODE = YES;
				CLANG_WARN__DUPLICATE_METHOD_MATCH = YES;
				"CODE_SIGN_IDENTITY[sdk=iphoneos*]" = "iPhone Developer";
				COPY_PHASE_STRIP = NO;
				DEBUG_INFORMATION_FORMAT = dwarf;
				ENABLE_STRICT_OBJC_MSGSEND = YES;
				ENABLE_TESTABILITY = YES;
				GCC_C_LANGUAGE_STANDARD = gnu99;
				GCC_DYNAMIC_NO_PIC = NO;
				GCC_NO_COMMON_BLOCKS = YES;
				GCC_OPTIMIZATION_LEVEL = 0;
				GCC_PREPROCESSOR_DEFINITIONS = (
					"DEBUG=1",
					"$(inherited)",
				);
				GCC_WARN_64_TO_32_BIT_CONVERSION = YES;
				GCC_WARN_ABOUT_RETURN_TYPE = YES_ERROR;
				GCC_WARN_UNDECLARED_SELECTOR = YES;
				GCC_WARN_UNINITIALIZED_AUTOS = YES_AGGRESSIVE;
				GCC_WARN_UNUSED_FUNCTION = YES;
				GCC_WARN_UNUSED_VARIABLE = YES;
				IPHONEOS_DEPLOYMENT_TARGET = 8.4;
				MTL_ENABLE_DEBUG_INFO = YES;
				ONLY_ACTIVE_ARCH = YES;
				SDKROOT = iphoneos;
			};
			name = Debug;
		};
		D0D54B511B2F1F9100F8875B /* Release */ = {
			isa = XCBuildConfiguration;
			buildSettings = {
				ALWAYS_SEARCH_USER_PATHS = NO;
				CLANG_CXX_LANGUAGE_STANDARD = "gnu++0x";
				CLANG_CXX_LIBRARY = "libc++";
				CLANG_ENABLE_MODULES = YES;
				CLANG_ENABLE_OBJC_ARC = YES;
				CLANG_WARN_BOOL_CONVERSION = YES;
				CLANG_WARN_CONSTANT_CONVERSION = YES;
				CLANG_WARN_DIRECT_OBJC_ISA_USAGE = YES_ERROR;
				CLANG_WARN_EMPTY_BODY = YES;
				CLANG_WARN_ENUM_CONVERSION = YES;
				CLANG_WARN_INT_CONVERSION = YES;
				CLANG_WARN_OBJC_ROOT_CLASS = YES_ERROR;
				CLANG_WARN_UNREACHABLE_CODE = YES;
				CLANG_WARN__DUPLICATE_METHOD_MATCH = YES;
				"CODE_SIGN_IDENTITY[sdk=iphoneos*]" = "iPhone Developer";
				COPY_PHASE_STRIP = NO;
				DEBUG_INFORMATION_FORMAT = "dwarf-with-dsym";
				ENABLE_NS_ASSERTIONS = NO;
				ENABLE_STRICT_OBJC_MSGSEND = YES;
				GCC_C_LANGUAGE_STANDARD = gnu99;
				GCC_NO_COMMON_BLOCKS = YES;
				GCC_WARN_64_TO_32_BIT_CONVERSION = YES;
				GCC_WARN_ABOUT_RETURN_TYPE = YES_ERROR;
				GCC_WARN_UNDECLARED_SELECTOR = YES;
				GCC_WARN_UNINITIALIZED_AUTOS = YES_AGGRESSIVE;
				GCC_WARN_UNUSED_FUNCTION = YES;
				GCC_WARN_UNUSED_VARIABLE = YES;
				IPHONEOS_DEPLOYMENT_TARGET = 8.4;
				MTL_ENABLE_DEBUG_INFO = NO;
				SDKROOT = iphoneos;
				VALIDATE_PRODUCT = YES;
			};
			name = Release;
		};
		D0D54B531B2F1F9100F8875B /* Debug */ = {
			isa = XCBuildConfiguration;
			buildSettings = {
				ASSETCATALOG_COMPILER_APPICON_NAME = AppIcon;
				CODE_SIGN_IDENTITY = "iPhone Developer";
				"CODE_SIGN_IDENTITY[sdk=iphoneos*]" = "iPhone Developer";
				ENABLE_BITCODE = NO;
				GCC_USE_STANDARD_INCLUDE_SEARCHING = YES;
				INFOPLIST_FILE = Realay/Info.plist;
				IPHONEOS_DEPLOYMENT_TARGET = 8.4;
				LD_RUNPATH_SEARCH_PATHS = "$(inherited) @executable_path/Frameworks";
				PRODUCT_BUNDLE_IDENTIFIER = org.eztarget.Realay;
				PRODUCT_NAME = "$(TARGET_NAME)";
				PROVISIONING_PROFILE = "";
			};
			name = Debug;
		};
		D0D54B541B2F1F9100F8875B /* Release */ = {
			isa = XCBuildConfiguration;
			buildSettings = {
				ASSETCATALOG_COMPILER_APPICON_NAME = AppIcon;
				CODE_SIGN_IDENTITY = "iPhone Developer";
				"CODE_SIGN_IDENTITY[sdk=iphoneos*]" = "iPhone Developer";
				ENABLE_BITCODE = NO;
				GCC_USE_STANDARD_INCLUDE_SEARCHING = YES;
				INFOPLIST_FILE = Realay/Info.plist;
				IPHONEOS_DEPLOYMENT_TARGET = 8.4;
				LD_RUNPATH_SEARCH_PATHS = "$(inherited) @executable_path/Frameworks";
				PRODUCT_BUNDLE_IDENTIFIER = org.eztarget.Realay;
				PRODUCT_NAME = "$(TARGET_NAME)";
				PROVISIONING_PROFILE = "";
			};
			name = Release;
		};
/* End XCBuildConfiguration section */

/* Begin XCConfigurationList section */
		D0D54B331B2F1F9100F8875B /* Build configuration list for PBXProject "Realay" */ = {
			isa = XCConfigurationList;
			buildConfigurations = (
				D0D54B501B2F1F9100F8875B /* Debug */,
				D0D54B511B2F1F9100F8875B /* Release */,
			);
			defaultConfigurationIsVisible = 0;
			defaultConfigurationName = Release;
		};
		D0D54B521B2F1F9100F8875B /* Build configuration list for PBXNativeTarget "Realay" */ = {
			isa = XCConfigurationList;
			buildConfigurations = (
				D0D54B531B2F1F9100F8875B /* Debug */,
				D0D54B541B2F1F9100F8875B /* Release */,
			);
			defaultConfigurationIsVisible = 0;
			defaultConfigurationName = Release;
		};
/* End XCConfigurationList section */

/* Begin XCVersionGroup section */
		D0D54B471B2F1F9100F8875B /* Realay.xcdatamodeld */ = {
			isa = XCVersionGroup;
			children = (
				D0D54B481B2F1F9100F8875B /* Realay.xcdatamodel */,
			);
			currentVersion = D0D54B481B2F1F9100F8875B /* Realay.xcdatamodel */;
			name = Realay.xcdatamodeld;
			path = ../Realay.xcdatamodeld;
			sourceTree = "<group>";
			versionGroupType = wrapper.xcdatamodel;
		};
/* End XCVersionGroup section */
	};
	rootObject = D0D54B301B2F1F9100F8875B /* Project object */;
}
